
Microsoft Visual Studio Solution File, Format Version 12.00
# Visual Studio Version 17
VisualStudioVersion = 17.1.31903.286
MinimumVisualStudioVersion = 10.0.40219.1
Project("{2150E333-8FDC-42A3-9474-1A3956D46DE8}") = "Samples", "Samples", "{CF8D7E1B-40AB-46DA-AEF4-6122F54FDF4C}"
EndProject
Project("{9A19103F-16F7-4668-BE54-9A1E7A4F7556}") = "Recorder", "Samples\Recorder\Recorder.csproj", "{6CF693B3-154E-43A8-BACD-8CEE0901AFF5}"
EndProject
Project("{2150E333-8FDC-42A3-9474-1A3956D46DE8}") = "Tools", "Tools", "{33F938F5-8537-443C-AC0F-BCAF5E06076F}"
EndProject
Project("{9A19103F-16F7-4668-BE54-9A1E7A4F7556}") = "CSCli", "Tools\CSCli\CSCli.csproj", "{765A560C-E418-4B39-8160-0AD1CA626563}"
EndProject
Project("{9A19103F-16F7-4668-BE54-9A1E7A4F7556}") = "InlineILCompiler", "Tools\InlineILCompiler\InlineILCompiler\InlineILCompiler.csproj", "{415C9ADB-8FB2-4D5B-BE4D-4B4BAA646ABC}"
EndProject
Project("{9A19103F-16F7-4668-BE54-9A1E7A4F7556}") = "CSCore.Ffmpeg", "CSCore.Ffmpeg\CSCore.Ffmpeg.csproj", "{1BE532E5-E8F5-4014-98CA-2F83B858B835}"
EndProject
Project("{9A19103F-16F7-4668-BE54-9A1E7A4F7556}") = "AdjustPosition", "Samples\AdjustPosition\AdjustPosition.csproj", "{627925A5-D33C-4344-84EC-F65335926677}"
EndProject
Project("{9A19103F-16F7-4668-BE54-9A1E7A4F7556}") = "AudioPlayerSample", "Samples\AudioPlayerSample\AudioPlayerSample.csproj", "{CDB23193-9ECE-464C-B908-C1C74366A8D0}"
EndProject
Project("{9A19103F-16F7-4668-BE54-9A1E7A4F7556}") = "BiQuadFilterSample", "Samples\BiQuadFilterSample\BiQuadFilterSample.csproj", "{CF39A9E8-4A61-4609-A75E-C3C72C7830EF}"
EndProject
Project("{9A19103F-16F7-4668-BE54-9A1E7A4F7556}") = "ConvertWavToMp3", "Samples\ConvertWavToMp3\ConvertWavToMp3.csproj", "{EEA00584-3538-4111-97C9-1165762F4ECB}"
EndProject
Project("{9A19103F-16F7-4668-BE54-9A1E7A4F7556}") = "CSCoreWaveform", "Samples\CSCoreWaveform\CSCoreWaveform.csproj", "{F476497D-6568-4E4E-A49F-666D8E830578}"
EndProject
Project("{9A19103F-16F7-4668-BE54-9A1E7A4F7556}") = "EndpointAudioMeterSample", "Samples\EndpointAudioMeterSample\EndpointAudioMeterSample.csproj", "{0FFCB0E0-287D-46CA-AD7B-8197E9B8E503}"
EndProject
Project("{9A19103F-16F7-4668-BE54-9A1E7A4F7556}") = "EqualizerTest", "Samples\Equalizer\EqualizerTest.csproj", "{83E08917-4973-4C0D-8438-523886145812}"
EndProject
Project("{9A19103F-16F7-4668-BE54-9A1E7A4F7556}") = "FadingSample", "Samples\FadingSample\FadingSample.csproj", "{33D3F4B2-51A3-4D7A-A0D5-EA7FD59F3C70}"
EndProject
Project("{9A19103F-16F7-4668-BE54-9A1E7A4F7556}") = "FfmpegSample", "Samples\FfmpegSample\FfmpegSample.csproj", "{C1B8FFCE-A91E-4D49-84C0-1A3A7AE41738}"
	ProjectSection(ProjectDependencies) = postProject
		{2E32E1F9-92F5-4781-A0CF-A3A153A6BB39} = {2E32E1F9-92F5-4781-A0CF-A3A153A6BB39}
	EndProjectSection
EndProject
Project("{9A19103F-16F7-4668-BE54-9A1E7A4F7556}") = "PlayInputDeviceSample", "Samples\PlayInputDeviceSample\PlayInputDeviceSample.csproj", "{E2394EDB-2013-462E-B7F7-491B06AB04A0}"
EndProject
Project("{9A19103F-16F7-4668-BE54-9A1E7A4F7556}") = "RecordToWma", "Samples\RecordToWma\RecordToWma.csproj", "{99F0EF49-D055-4C14-9062-59DE719F8B99}"
EndProject
Project("{9A19103F-16F7-4668-BE54-9A1E7A4F7556}") = "RecordWithSpecificFormat", "Samples\RecordWithSpecificFormat\RecordWithSpecificFormat.csproj", "{62BC7C7B-1AC4-42F8-9900-9213444DB42F}"
EndProject
Project("{9A19103F-16F7-4668-BE54-9A1E7A4F7556}") = "SimpleMixerSample", "Samples\SimpleMixerSample\SimpleMixerSample.csproj", "{54F60849-654A-4708-86F0-36334AF31C3E}"
EndProject
Project("{9A19103F-16F7-4668-BE54-9A1E7A4F7556}") = "SoundTouchPitchAndTempo", "Samples\SoundTouchPitchAndTempo\SoundTouchPitchAndTempo.csproj", "{E87C7A91-EC96-45B8-A7D5-B19E8FCF5B84}"
EndProject
Project("{9A19103F-16F7-4668-BE54-9A1E7A4F7556}") = "WinformsVisualization", "Samples\WinformsVisualization\WinformsVisualization.csproj", "{71C432C3-FCC0-4095-94C5-5F929FBDB096}"
EndProject
Project("{9A19103F-16F7-4668-BE54-9A1E7A4F7556}") = "X3DAudioSample", "Samples\X3DAudioSample\X3DAudioSample.csproj", "{DA014E64-13A4-4B59-8807-7EABAD283D63}"
EndProject
Project("{9A19103F-16F7-4668-BE54-9A1E7A4F7556}") = "XAudio2Playback", "Samples\XAudio2Playback\XAudio2Playback.csproj", "{77780103-9D2C-4985-8CEC-802BD08E4682}"
EndProject
Project("{9A19103F-16F7-4668-BE54-9A1E7A4F7556}") = "CScore", "CScore\CScore.csproj", "{2E32E1F9-92F5-4781-A0CF-A3A153A6BB39}"
	ProjectSection(ProjectDependencies) = postProject
		{765A560C-E418-4B39-8160-0AD1CA626563} = {765A560C-E418-4B39-8160-0AD1CA626563}
		{415C9ADB-8FB2-4D5B-BE4D-4B4BAA646ABC} = {415C9ADB-8FB2-4D5B-BE4D-4B4BAA646ABC}
	EndProjectSection
EndProject
Global
	GlobalSection(SolutionConfigurationPlatforms) = preSolution
		Debug|Any CPU = Debug|Any CPU
		Debug|x64 = Debug|x64
		Debug|x86 = Debug|x86
		Release|Any CPU = Release|Any CPU
		Release|x64 = Release|x64
		Release|x86 = Release|x86
	EndGlobalSection
	GlobalSection(ProjectConfigurationPlatforms) = postSolution
		{6CF693B3-154E-43A8-BACD-8CEE0901AFF5}.Debug|Any CPU.ActiveCfg = Debug|Any CPU
		{6CF693B3-154E-43A8-BACD-8CEE0901AFF5}.Debug|Any CPU.Build.0 = Debug|Any CPU
		{6CF693B3-154E-43A8-BACD-8CEE0901AFF5}.Debug|x64.ActiveCfg = Debug|Any CPU
		{6CF693B3-154E-43A8-BACD-8CEE0901AFF5}.Debug|x64.Build.0 = Debug|Any CPU
		{6CF693B3-154E-43A8-BACD-8CEE0901AFF5}.Debug|x86.ActiveCfg = Debug|Any CPU
		{6CF693B3-154E-43A8-BACD-8CEE0901AFF5}.Debug|x86.Build.0 = Debug|Any CPU
		{6CF693B3-154E-43A8-BACD-8CEE0901AFF5}.Release|Any CPU.ActiveCfg = Release|Any CPU
		{6CF693B3-154E-43A8-BACD-8CEE0901AFF5}.Release|Any CPU.Build.0 = Release|Any CPU
		{6CF693B3-154E-43A8-BACD-8CEE0901AFF5}.Release|x64.ActiveCfg = Release|Any CPU
		{6CF693B3-154E-43A8-BACD-8CEE0901AFF5}.Release|x64.Build.0 = Release|Any CPU
		{6CF693B3-154E-43A8-BACD-8CEE0901AFF5}.Release|x86.ActiveCfg = Release|Any CPU
		{6CF693B3-154E-43A8-BACD-8CEE0901AFF5}.Release|x86.Build.0 = Release|Any CPU
		{765A560C-E418-4B39-8160-0AD1CA626563}.Debug|Any CPU.ActiveCfg = Debug|Any CPU
		{765A560C-E418-4B39-8160-0AD1CA626563}.Debug|Any CPU.Build.0 = Debug|Any CPU
		{765A560C-E418-4B39-8160-0AD1CA626563}.Debug|x64.ActiveCfg = Debug|Any CPU
		{765A560C-E418-4B39-8160-0AD1CA626563}.Debug|x64.Build.0 = Debug|Any CPU
		{765A560C-E418-4B39-8160-0AD1CA626563}.Debug|x86.ActiveCfg = Debug|Any CPU
		{765A560C-E418-4B39-8160-0AD1CA626563}.Debug|x86.Build.0 = Debug|Any CPU
		{765A560C-E418-4B39-8160-0AD1CA626563}.Release|Any CPU.ActiveCfg = Release|Any CPU
		{765A560C-E418-4B39-8160-0AD1CA626563}.Release|Any CPU.Build.0 = Release|Any CPU
		{765A560C-E418-4B39-8160-0AD1CA626563}.Release|x64.ActiveCfg = Release|Any CPU
		{765A560C-E418-4B39-8160-0AD1CA626563}.Release|x64.Build.0 = Release|Any CPU
		{765A560C-E418-4B39-8160-0AD1CA626563}.Release|x86.ActiveCfg = Release|Any CPU
		{765A560C-E418-4B39-8160-0AD1CA626563}.Release|x86.Build.0 = Release|Any CPU
		{415C9ADB-8FB2-4D5B-BE4D-4B4BAA646ABC}.Debug|Any CPU.ActiveCfg = Debug|Any CPU
		{415C9ADB-8FB2-4D5B-BE4D-4B4BAA646ABC}.Debug|Any CPU.Build.0 = Debug|Any CPU
		{415C9ADB-8FB2-4D5B-BE4D-4B4BAA646ABC}.Debug|x64.ActiveCfg = Debug|Any CPU
		{415C9ADB-8FB2-4D5B-BE4D-4B4BAA646ABC}.Debug|x64.Build.0 = Debug|Any CPU
		{415C9ADB-8FB2-4D5B-BE4D-4B4BAA646ABC}.Debug|x86.ActiveCfg = Debug|Any CPU
		{415C9ADB-8FB2-4D5B-BE4D-4B4BAA646ABC}.Debug|x86.Build.0 = Debug|Any CPU
		{415C9ADB-8FB2-4D5B-BE4D-4B4BAA646ABC}.Release|Any CPU.ActiveCfg = Release|Any CPU
		{415C9ADB-8FB2-4D5B-BE4D-4B4BAA646ABC}.Release|Any CPU.Build.0 = Release|Any CPU
		{415C9ADB-8FB2-4D5B-BE4D-4B4BAA646ABC}.Release|x64.ActiveCfg = Release|Any CPU
		{415C9ADB-8FB2-4D5B-BE4D-4B4BAA646ABC}.Release|x64.Build.0 = Release|Any CPU
		{415C9ADB-8FB2-4D5B-BE4D-4B4BAA646ABC}.Release|x86.ActiveCfg = Release|Any CPU
		{415C9ADB-8FB2-4D5B-BE4D-4B4BAA646ABC}.Release|x86.Build.0 = Release|Any CPU
		{1BE532E5-E8F5-4014-98CA-2F83B858B835}.Debug|Any CPU.ActiveCfg = Debug|Any CPU
		{1BE532E5-E8F5-4014-98CA-2F83B858B835}.Debug|Any CPU.Build.0 = Debug|Any CPU
		{1BE532E5-E8F5-4014-98CA-2F83B858B835}.Debug|x64.ActiveCfg = Debug|Any CPU
		{1BE532E5-E8F5-4014-98CA-2F83B858B835}.Debug|x64.Build.0 = Debug|Any CPU
		{1BE532E5-E8F5-4014-98CA-2F83B858B835}.Debug|x86.ActiveCfg = Debug|Any CPU
		{1BE532E5-E8F5-4014-98CA-2F83B858B835}.Debug|x86.Build.0 = Debug|Any CPU
		{1BE532E5-E8F5-4014-98CA-2F83B858B835}.Release|Any CPU.ActiveCfg = Release|Any CPU
		{1BE532E5-E8F5-4014-98CA-2F83B858B835}.Release|Any CPU.Build.0 = Release|Any CPU
		{1BE532E5-E8F5-4014-98CA-2F83B858B835}.Release|x64.ActiveCfg = Release|Any CPU
		{1BE532E5-E8F5-4014-98CA-2F83B858B835}.Release|x64.Build.0 = Release|Any CPU
		{1BE532E5-E8F5-4014-98CA-2F83B858B835}.Release|x86.ActiveCfg = Release|Any CPU
		{1BE532E5-E8F5-4014-98CA-2F83B858B835}.Release|x86.Build.0 = Release|Any CPU
		{627925A5-D33C-4344-84EC-F65335926677}.Debug|Any CPU.ActiveCfg = Debug|Any CPU
		{627925A5-D33C-4344-84EC-F65335926677}.Debug|Any CPU.Build.0 = Debug|Any CPU
		{627925A5-D33C-4344-84EC-F65335926677}.Debug|x64.ActiveCfg = Debug|Any CPU
		{627925A5-D33C-4344-84EC-F65335926677}.Debug|x64.Build.0 = Debug|Any CPU
		{627925A5-D33C-4344-84EC-F65335926677}.Debug|x86.ActiveCfg = Debug|Any CPU
		{627925A5-D33C-4344-84EC-F65335926677}.Debug|x86.Build.0 = Debug|Any CPU
		{627925A5-D33C-4344-84EC-F65335926677}.Release|Any CPU.ActiveCfg = Release|Any CPU
		{627925A5-D33C-4344-84EC-F65335926677}.Release|Any CPU.Build.0 = Release|Any CPU
		{627925A5-D33C-4344-84EC-F65335926677}.Release|x64.ActiveCfg = Release|Any CPU
		{627925A5-D33C-4344-84EC-F65335926677}.Release|x64.Build.0 = Release|Any CPU
		{627925A5-D33C-4344-84EC-F65335926677}.Release|x86.ActiveCfg = Release|Any CPU
		{627925A5-D33C-4344-84EC-F65335926677}.Release|x86.Build.0 = Release|Any CPU
		{CDB23193-9ECE-464C-B908-C1C74366A8D0}.Debug|Any CPU.ActiveCfg = Debug|Any CPU
		{CDB23193-9ECE-464C-B908-C1C74366A8D0}.Debug|Any CPU.Build.0 = Debug|Any CPU
		{CDB23193-9ECE-464C-B908-C1C74366A8D0}.Debug|x64.ActiveCfg = Debug|Any CPU
		{CDB23193-9ECE-464C-B908-C1C74366A8D0}.Debug|x64.Build.0 = Debug|Any CPU
		{CDB23193-9ECE-464C-B908-C1C74366A8D0}.Debug|x86.ActiveCfg = Debug|Any CPU
		{CDB23193-9ECE-464C-B908-C1C74366A8D0}.Debug|x86.Build.0 = Debug|Any CPU
		{CDB23193-9ECE-464C-B908-C1C74366A8D0}.Release|Any CPU.ActiveCfg = Release|Any CPU
		{CDB23193-9ECE-464C-B908-C1C74366A8D0}.Release|Any CPU.Build.0 = Release|Any CPU
		{CDB23193-9ECE-464C-B908-C1C74366A8D0}.Release|x64.ActiveCfg = Release|Any CPU
		{CDB23193-9ECE-464C-B908-C1C74366A8D0}.Release|x64.Build.0 = Release|Any CPU
		{CDB23193-9ECE-464C-B908-C1C74366A8D0}.Release|x86.ActiveCfg = Release|Any CPU
		{CDB23193-9ECE-464C-B908-C1C74366A8D0}.Release|x86.Build.0 = Release|Any CPU
		{CF39A9E8-4A61-4609-A75E-C3C72C7830EF}.Debug|Any CPU.ActiveCfg = Debug|Any CPU
		{CF39A9E8-4A61-4609-A75E-C3C72C7830EF}.Debug|Any CPU.Build.0 = Debug|Any CPU
		{CF39A9E8-4A61-4609-A75E-C3C72C7830EF}.Debug|x64.ActiveCfg = Debug|Any CPU
		{CF39A9E8-4A61-4609-A75E-C3C72C7830EF}.Debug|x64.Build.0 = Debug|Any CPU
		{CF39A9E8-4A61-4609-A75E-C3C72C7830EF}.Debug|x86.ActiveCfg = Debug|Any CPU
		{CF39A9E8-4A61-4609-A75E-C3C72C7830EF}.Debug|x86.Build.0 = Debug|Any CPU
		{CF39A9E8-4A61-4609-A75E-C3C72C7830EF}.Release|Any CPU.ActiveCfg = Release|Any CPU
		{CF39A9E8-4A61-4609-A75E-C3C72C7830EF}.Release|Any CPU.Build.0 = Release|Any CPU
		{CF39A9E8-4A61-4609-A75E-C3C72C7830EF}.Release|x64.ActiveCfg = Release|Any CPU
		{CF39A9E8-4A61-4609-A75E-C3C72C7830EF}.Release|x64.Build.0 = Release|Any CPU
		{CF39A9E8-4A61-4609-A75E-C3C72C7830EF}.Release|x86.ActiveCfg = Release|Any CPU
		{CF39A9E8-4A61-4609-A75E-C3C72C7830EF}.Release|x86.Build.0 = Release|Any CPU
		{EEA00584-3538-4111-97C9-1165762F4ECB}.Debug|Any CPU.ActiveCfg = Debug|Any CPU
		{EEA00584-3538-4111-97C9-1165762F4ECB}.Debug|Any CPU.Build.0 = Debug|Any CPU
		{EEA00584-3538-4111-97C9-1165762F4ECB}.Debug|x64.ActiveCfg = Debug|Any CPU
		{EEA00584-3538-4111-97C9-1165762F4ECB}.Debug|x64.Build.0 = Debug|Any CPU
		{EEA00584-3538-4111-97C9-1165762F4ECB}.Debug|x86.ActiveCfg = Debug|Any CPU
		{EEA00584-3538-4111-97C9-1165762F4ECB}.Debug|x86.Build.0 = Debug|Any CPU
		{EEA00584-3538-4111-97C9-1165762F4ECB}.Release|Any CPU.ActiveCfg = Release|Any CPU
		{EEA00584-3538-4111-97C9-1165762F4ECB}.Release|Any CPU.Build.0 = Release|Any CPU
		{EEA00584-3538-4111-97C9-1165762F4ECB}.Release|x64.ActiveCfg = Release|Any CPU
		{EEA00584-3538-4111-97C9-1165762F4ECB}.Release|x64.Build.0 = Release|Any CPU
		{EEA00584-3538-4111-97C9-1165762F4ECB}.Release|x86.ActiveCfg = Release|Any CPU
		{EEA00584-3538-4111-97C9-1165762F4ECB}.Release|x86.Build.0 = Release|Any CPU
		{F476497D-6568-4E4E-A49F-666D8E830578}.Debug|Any CPU.ActiveCfg = Debug|Any CPU
		{F476497D-6568-4E4E-A49F-666D8E830578}.Debug|Any CPU.Build.0 = Debug|Any CPU
		{F476497D-6568-4E4E-A49F-666D8E830578}.Debug|x64.ActiveCfg = Debug|Any CPU
		{F476497D-6568-4E4E-A49F-666D8E830578}.Debug|x64.Build.0 = Debug|Any CPU
		{F476497D-6568-4E4E-A49F-666D8E830578}.Debug|x86.ActiveCfg = Debug|Any CPU
		{F476497D-6568-4E4E-A49F-666D8E830578}.Debug|x86.Build.0 = Debug|Any CPU
		{F476497D-6568-4E4E-A49F-666D8E830578}.Release|Any CPU.ActiveCfg = Release|Any CPU
		{F476497D-6568-4E4E-A49F-666D8E830578}.Release|Any CPU.Build.0 = Release|Any CPU
		{F476497D-6568-4E4E-A49F-666D8E830578}.Release|x64.ActiveCfg = Release|Any CPU
		{F476497D-6568-4E4E-A49F-666D8E830578}.Release|x64.Build.0 = Release|Any CPU
		{F476497D-6568-4E4E-A49F-666D8E830578}.Release|x86.ActiveCfg = Release|Any CPU
		{F476497D-6568-4E4E-A49F-666D8E830578}.Release|x86.Build.0 = Release|Any CPU
		{0FFCB0E0-287D-46CA-AD7B-8197E9B8E503}.Debug|Any CPU.ActiveCfg = Debug|Any CPU
		{0FFCB0E0-287D-46CA-AD7B-8197E9B8E503}.Debug|Any CPU.Build.0 = Debug|Any CPU
		{0FFCB0E0-287D-46CA-AD7B-8197E9B8E503}.Debug|x64.ActiveCfg = Debug|Any CPU
		{0FFCB0E0-287D-46CA-AD7B-8197E9B8E503}.Debug|x64.Build.0 = Debug|Any CPU
		{0FFCB0E0-287D-46CA-AD7B-8197E9B8E503}.Debug|x86.ActiveCfg = Debug|Any CPU
		{0FFCB0E0-287D-46CA-AD7B-8197E9B8E503}.Debug|x86.Build.0 = Debug|Any CPU
		{0FFCB0E0-287D-46CA-AD7B-8197E9B8E503}.Release|Any CPU.ActiveCfg = Release|Any CPU
		{0FFCB0E0-287D-46CA-AD7B-8197E9B8E503}.Release|Any CPU.Build.0 = Release|Any CPU
		{0FFCB0E0-287D-46CA-AD7B-8197E9B8E503}.Release|x64.ActiveCfg = Release|Any CPU
		{0FFCB0E0-287D-46CA-AD7B-8197E9B8E503}.Release|x64.Build.0 = Release|Any CPU
		{0FFCB0E0-287D-46CA-AD7B-8197E9B8E503}.Release|x86.ActiveCfg = Release|Any CPU
		{0FFCB0E0-287D-46CA-AD7B-8197E9B8E503}.Release|x86.Build.0 = Release|Any CPU
		{83E08917-4973-4C0D-8438-523886145812}.Debug|Any CPU.ActiveCfg = Debug|Any CPU
		{83E08917-4973-4C0D-8438-523886145812}.Debug|Any CPU.Build.0 = Debug|Any CPU
		{83E08917-4973-4C0D-8438-523886145812}.Debug|x64.ActiveCfg = Debug|Any CPU
		{83E08917-4973-4C0D-8438-523886145812}.Debug|x64.Build.0 = Debug|Any CPU
		{83E08917-4973-4C0D-8438-523886145812}.Debug|x86.ActiveCfg = Debug|Any CPU
		{83E08917-4973-4C0D-8438-523886145812}.Debug|x86.Build.0 = Debug|Any CPU
		{83E08917-4973-4C0D-8438-523886145812}.Release|Any CPU.ActiveCfg = Release|Any CPU
		{83E08917-4973-4C0D-8438-523886145812}.Release|Any CPU.Build.0 = Release|Any CPU
		{83E08917-4973-4C0D-8438-523886145812}.Release|x64.ActiveCfg = Release|Any CPU
		{83E08917-4973-4C0D-8438-523886145812}.Release|x64.Build.0 = Release|Any CPU
		{83E08917-4973-4C0D-8438-523886145812}.Release|x86.ActiveCfg = Release|Any CPU
		{83E08917-4973-4C0D-8438-523886145812}.Release|x86.Build.0 = Release|Any CPU
		{33D3F4B2-51A3-4D7A-A0D5-EA7FD59F3C70}.Debug|Any CPU.ActiveCfg = Debug|Any CPU
		{33D3F4B2-51A3-4D7A-A0D5-EA7FD59F3C70}.Debug|Any CPU.Build.0 = Debug|Any CPU
		{33D3F4B2-51A3-4D7A-A0D5-EA7FD59F3C70}.Debug|x64.ActiveCfg = Debug|Any CPU
		{33D3F4B2-51A3-4D7A-A0D5-EA7FD59F3C70}.Debug|x64.Build.0 = Debug|Any CPU
		{33D3F4B2-51A3-4D7A-A0D5-EA7FD59F3C70}.Debug|x86.ActiveCfg = Debug|Any CPU
		{33D3F4B2-51A3-4D7A-A0D5-EA7FD59F3C70}.Debug|x86.Build.0 = Debug|Any CPU
		{33D3F4B2-51A3-4D7A-A0D5-EA7FD59F3C70}.Release|Any CPU.ActiveCfg = Release|Any CPU
		{33D3F4B2-51A3-4D7A-A0D5-EA7FD59F3C70}.Release|Any CPU.Build.0 = Release|Any CPU
		{33D3F4B2-51A3-4D7A-A0D5-EA7FD59F3C70}.Release|x64.ActiveCfg = Release|Any CPU
		{33D3F4B2-51A3-4D7A-A0D5-EA7FD59F3C70}.Release|x64.Build.0 = Release|Any CPU
		{33D3F4B2-51A3-4D7A-A0D5-EA7FD59F3C70}.Release|x86.ActiveCfg = Release|Any CPU
		{33D3F4B2-51A3-4D7A-A0D5-EA7FD59F3C70}.Release|x86.Build.0 = Release|Any CPU
		{C1B8FFCE-A91E-4D49-84C0-1A3A7AE41738}.Debug|Any CPU.ActiveCfg = Debug|Any CPU
		{C1B8FFCE-A91E-4D49-84C0-1A3A7AE41738}.Debug|Any CPU.Build.0 = Debug|Any CPU
		{C1B8FFCE-A91E-4D49-84C0-1A3A7AE41738}.Debug|x64.ActiveCfg = Debug|Any CPU
		{C1B8FFCE-A91E-4D49-84C0-1A3A7AE41738}.Debug|x64.Build.0 = Debug|Any CPU
		{C1B8FFCE-A91E-4D49-84C0-1A3A7AE41738}.Debug|x86.ActiveCfg = Debug|Any CPU
		{C1B8FFCE-A91E-4D49-84C0-1A3A7AE41738}.Debug|x86.Build.0 = Debug|Any CPU
		{C1B8FFCE-A91E-4D49-84C0-1A3A7AE41738}.Release|Any CPU.ActiveCfg = Release|Any CPU
		{C1B8FFCE-A91E-4D49-84C0-1A3A7AE41738}.Release|Any CPU.Build.0 = Release|Any CPU
		{C1B8FFCE-A91E-4D49-84C0-1A3A7AE41738}.Release|x64.ActiveCfg = Release|Any CPU
		{C1B8FFCE-A91E-4D49-84C0-1A3A7AE41738}.Release|x64.Build.0 = Release|Any CPU
		{C1B8FFCE-A91E-4D49-84C0-1A3A7AE41738}.Release|x86.ActiveCfg = Release|Any CPU
		{C1B8FFCE-A91E-4D49-84C0-1A3A7AE41738}.Release|x86.Build.0 = Release|Any CPU
		{E2394EDB-2013-462E-B7F7-491B06AB04A0}.Debug|Any CPU.ActiveCfg = Debug|Any CPU
		{E2394EDB-2013-462E-B7F7-491B06AB04A0}.Debug|Any CPU.Build.0 = Debug|Any CPU
		{E2394EDB-2013-462E-B7F7-491B06AB04A0}.Debug|x64.ActiveCfg = Debug|Any CPU
		{E2394EDB-2013-462E-B7F7-491B06AB04A0}.Debug|x64.Build.0 = Debug|Any CPU
		{E2394EDB-2013-462E-B7F7-491B06AB04A0}.Debug|x86.ActiveCfg = Debug|Any CPU
		{E2394EDB-2013-462E-B7F7-491B06AB04A0}.Debug|x86.Build.0 = Debug|Any CPU
		{E2394EDB-2013-462E-B7F7-491B06AB04A0}.Release|Any CPU.ActiveCfg = Release|Any CPU
		{E2394EDB-2013-462E-B7F7-491B06AB04A0}.Release|Any CPU.Build.0 = Release|Any CPU
		{E2394EDB-2013-462E-B7F7-491B06AB04A0}.Release|x64.ActiveCfg = Release|Any CPU
		{E2394EDB-2013-462E-B7F7-491B06AB04A0}.Release|x64.Build.0 = Release|Any CPU
		{E2394EDB-2013-462E-B7F7-491B06AB04A0}.Release|x86.ActiveCfg = Release|Any CPU
		{E2394EDB-2013-462E-B7F7-491B06AB04A0}.Release|x86.Build.0 = Release|Any CPU
		{99F0EF49-D055-4C14-9062-59DE719F8B99}.Debug|Any CPU.ActiveCfg = Debug|Any CPU
		{99F0EF49-D055-4C14-9062-59DE719F8B99}.Debug|Any CPU.Build.0 = Debug|Any CPU
		{99F0EF49-D055-4C14-9062-59DE719F8B99}.Debug|x64.ActiveCfg = Debug|Any CPU
		{99F0EF49-D055-4C14-9062-59DE719F8B99}.Debug|x64.Build.0 = Debug|Any CPU
		{99F0EF49-D055-4C14-9062-59DE719F8B99}.Debug|x86.ActiveCfg = Debug|Any CPU
		{99F0EF49-D055-4C14-9062-59DE719F8B99}.Debug|x86.Build.0 = Debug|Any CPU
		{99F0EF49-D055-4C14-9062-59DE719F8B99}.Release|Any CPU.ActiveCfg = Release|Any CPU
		{99F0EF49-D055-4C14-9062-59DE719F8B99}.Release|Any CPU.Build.0 = Release|Any CPU
		{99F0EF49-D055-4C14-9062-59DE719F8B99}.Release|x64.ActiveCfg = Release|Any CPU
		{99F0EF49-D055-4C14-9062-59DE719F8B99}.Release|x64.Build.0 = Release|Any CPU
		{99F0EF49-D055-4C14-9062-59DE719F8B99}.Release|x86.ActiveCfg = Release|Any CPU
		{99F0EF49-D055-4C14-9062-59DE719F8B99}.Release|x86.Build.0 = Release|Any CPU
		{62BC7C7B-1AC4-42F8-9900-9213444DB42F}.Debug|Any CPU.ActiveCfg = Debug|Any CPU
		{62BC7C7B-1AC4-42F8-9900-9213444DB42F}.Debug|Any CPU.Build.0 = Debug|Any CPU
		{62BC7C7B-1AC4-42F8-9900-9213444DB42F}.Debug|x64.ActiveCfg = Debug|Any CPU
		{62BC7C7B-1AC4-42F8-9900-9213444DB42F}.Debug|x64.Build.0 = Debug|Any CPU
		{62BC7C7B-1AC4-42F8-9900-9213444DB42F}.Debug|x86.ActiveCfg = Debug|Any CPU
		{62BC7C7B-1AC4-42F8-9900-9213444DB42F}.Debug|x86.Build.0 = Debug|Any CPU
		{62BC7C7B-1AC4-42F8-9900-9213444DB42F}.Release|Any CPU.ActiveCfg = Release|Any CPU
		{62BC7C7B-1AC4-42F8-9900-9213444DB42F}.Release|Any CPU.Build.0 = Release|Any CPU
		{62BC7C7B-1AC4-42F8-9900-9213444DB42F}.Release|x64.ActiveCfg = Release|Any CPU
		{62BC7C7B-1AC4-42F8-9900-9213444DB42F}.Release|x64.Build.0 = Release|Any CPU
		{62BC7C7B-1AC4-42F8-9900-9213444DB42F}.Release|x86.ActiveCfg = Release|Any CPU
		{62BC7C7B-1AC4-42F8-9900-9213444DB42F}.Release|x86.Build.0 = Release|Any CPU
		{54F60849-654A-4708-86F0-36334AF31C3E}.Debug|Any CPU.ActiveCfg = Debug|Any CPU
		{54F60849-654A-4708-86F0-36334AF31C3E}.Debug|Any CPU.Build.0 = Debug|Any CPU
		{54F60849-654A-4708-86F0-36334AF31C3E}.Debug|x64.ActiveCfg = Debug|Any CPU
		{54F60849-654A-4708-86F0-36334AF31C3E}.Debug|x64.Build.0 = Debug|Any CPU
		{54F60849-654A-4708-86F0-36334AF31C3E}.Debug|x86.ActiveCfg = Debug|Any CPU
		{54F60849-654A-4708-86F0-36334AF31C3E}.Debug|x86.Build.0 = Debug|Any CPU
		{54F60849-654A-4708-86F0-36334AF31C3E}.Release|Any CPU.ActiveCfg = Release|Any CPU
		{54F60849-654A-4708-86F0-36334AF31C3E}.Release|Any CPU.Build.0 = Release|Any CPU
		{54F60849-654A-4708-86F0-36334AF31C3E}.Release|x64.ActiveCfg = Release|Any CPU
		{54F60849-654A-4708-86F0-36334AF31C3E}.Release|x64.Build.0 = Release|Any CPU
		{54F60849-654A-4708-86F0-36334AF31C3E}.Release|x86.ActiveCfg = Release|Any CPU
		{54F60849-654A-4708-86F0-36334AF31C3E}.Release|x86.Build.0 = Release|Any CPU
		{E87C7A91-EC96-45B8-A7D5-B19E8FCF5B84}.Debug|Any CPU.ActiveCfg = Debug|Any CPU
		{E87C7A91-EC96-45B8-A7D5-B19E8FCF5B84}.Debug|Any CPU.Build.0 = Debug|Any CPU
		{E87C7A91-EC96-45B8-A7D5-B19E8FCF5B84}.Debug|x64.ActiveCfg = Debug|Any CPU
		{E87C7A91-EC96-45B8-A7D5-B19E8FCF5B84}.Debug|x64.Build.0 = Debug|Any CPU
		{E87C7A91-EC96-45B8-A7D5-B19E8FCF5B84}.Debug|x86.ActiveCfg = Debug|Any CPU
		{E87C7A91-EC96-45B8-A7D5-B19E8FCF5B84}.Debug|x86.Build.0 = Debug|Any CPU
		{E87C7A91-EC96-45B8-A7D5-B19E8FCF5B84}.Release|Any CPU.ActiveCfg = Release|Any CPU
		{E87C7A91-EC96-45B8-A7D5-B19E8FCF5B84}.Release|Any CPU.Build.0 = Release|Any CPU
		{E87C7A91-EC96-45B8-A7D5-B19E8FCF5B84}.Release|x64.ActiveCfg = Release|Any CPU
		{E87C7A91-EC96-45B8-A7D5-B19E8FCF5B84}.Release|x64.Build.0 = Release|Any CPU
		{E87C7A91-EC96-45B8-A7D5-B19E8FCF5B84}.Release|x86.ActiveCfg = Release|Any CPU
		{E87C7A91-EC96-45B8-A7D5-B19E8FCF5B84}.Release|x86.Build.0 = Release|Any CPU
		{71C432C3-FCC0-4095-94C5-5F929FBDB096}.Debug|Any CPU.ActiveCfg = Debug|Any CPU
		{71C432C3-FCC0-4095-94C5-5F929FBDB096}.Debug|Any CPU.Build.0 = Debug|Any CPU
		{71C432C3-FCC0-4095-94C5-5F929FBDB096}.Debug|x64.ActiveCfg = Debug|Any CPU
		{71C432C3-FCC0-4095-94C5-5F929FBDB096}.Debug|x64.Build.0 = Debug|Any CPU
		{71C432C3-FCC0-4095-94C5-5F929FBDB096}.Debug|x86.ActiveCfg = Debug|Any CPU
		{71C432C3-FCC0-4095-94C5-5F929FBDB096}.Debug|x86.Build.0 = Debug|Any CPU
		{71C432C3-FCC0-4095-94C5-5F929FBDB096}.Release|Any CPU.ActiveCfg = Release|Any CPU
		{71C432C3-FCC0-4095-94C5-5F929FBDB096}.Release|Any CPU.Build.0 = Release|Any CPU
		{71C432C3-FCC0-4095-94C5-5F929FBDB096}.Release|x64.ActiveCfg = Release|Any CPU
		{71C432C3-FCC0-4095-94C5-5F929FBDB096}.Release|x64.Build.0 = Release|Any CPU
		{71C432C3-FCC0-4095-94C5-5F929FBDB096}.Release|x86.ActiveCfg = Release|Any CPU
		{71C432C3-FCC0-4095-94C5-5F929FBDB096}.Release|x86.Build.0 = Release|Any CPU
		{DA014E64-13A4-4B59-8807-7EABAD283D63}.Debug|Any CPU.ActiveCfg = Debug|Any CPU
		{DA014E64-13A4-4B59-8807-7EABAD283D63}.Debug|Any CPU.Build.0 = Debug|Any CPU
		{DA014E64-13A4-4B59-8807-7EABAD283D63}.Debug|x64.ActiveCfg = Debug|Any CPU
		{DA014E64-13A4-4B59-8807-7EABAD283D63}.Debug|x64.Build.0 = Debug|Any CPU
		{DA014E64-13A4-4B59-8807-7EABAD283D63}.Debug|x86.ActiveCfg = Debug|Any CPU
		{DA014E64-13A4-4B59-8807-7EABAD283D63}.Debug|x86.Build.0 = Debug|Any CPU
		{DA014E64-13A4-4B59-8807-7EABAD283D63}.Release|Any CPU.ActiveCfg = Release|Any CPU
		{DA014E64-13A4-4B59-8807-7EABAD283D63}.Release|Any CPU.Build.0 = Release|Any CPU
		{DA014E64-13A4-4B59-8807-7EABAD283D63}.Release|x64.ActiveCfg = Release|Any CPU
		{DA014E64-13A4-4B59-8807-7EABAD283D63}.Release|x64.Build.0 = Release|Any CPU
		{DA014E64-13A4-4B59-8807-7EABAD283D63}.Release|x86.ActiveCfg = Release|Any CPU
		{DA014E64-13A4-4B59-8807-7EABAD283D63}.Release|x86.Build.0 = Release|Any CPU
		{77780103-9D2C-4985-8CEC-802BD08E4682}.Debug|Any CPU.ActiveCfg = Debug|Any CPU
		{77780103-9D2C-4985-8CEC-802BD08E4682}.Debug|Any CPU.Build.0 = Debug|Any CPU
		{77780103-9D2C-4985-8CEC-802BD08E4682}.Debug|x64.ActiveCfg = Debug|Any CPU
		{77780103-9D2C-4985-8CEC-802BD08E4682}.Debug|x64.Build.0 = Debug|Any CPU
		{77780103-9D2C-4985-8CEC-802BD08E4682}.Debug|x86.ActiveCfg = Debug|Any CPU
		{77780103-9D2C-4985-8CEC-802BD08E4682}.Debug|x86.Build.0 = Debug|Any CPU
		{77780103-9D2C-4985-8CEC-802BD08E4682}.Release|Any CPU.ActiveCfg = Release|Any CPU
		{77780103-9D2C-4985-8CEC-802BD08E4682}.Release|Any CPU.Build.0 = Release|Any CPU
		{77780103-9D2C-4985-8CEC-802BD08E4682}.Release|x64.ActiveCfg = Release|Any CPU
		{77780103-9D2C-4985-8CEC-802BD08E4682}.Release|x64.Build.0 = Release|Any CPU
		{77780103-9D2C-4985-8CEC-802BD08E4682}.Release|x86.ActiveCfg = Release|Any CPU
		{77780103-9D2C-4985-8CEC-802BD08E4682}.Release|x86.Build.0 = Release|Any CPU
		{2E32E1F9-92F5-4781-A0CF-A3A153A6BB39}.Debug|Any CPU.ActiveCfg = Debug|Any CPU
		{2E32E1F9-92F5-4781-A0CF-A3A153A6BB39}.Debug|Any CPU.Build.0 = Debug|Any CPU
		{2E32E1F9-92F5-4781-A0CF-A3A153A6BB39}.Debug|x64.ActiveCfg = Debug|Any CPU
		{2E32E1F9-92F5-4781-A0CF-A3A153A6BB39}.Debug|x64.Build.0 = Debug|Any CPU
		{2E32E1F9-92F5-4781-A0CF-A3A153A6BB39}.Debug|x86.ActiveCfg = Debug|Any CPU
		{2E32E1F9-92F5-4781-A0CF-A3A153A6BB39}.Debug|x86.Build.0 = Debug|Any CPU
		{2E32E1F9-92F5-4781-A0CF-A3A153A6BB39}.Release|Any CPU.ActiveCfg = Release|Any CPU
		{2E32E1F9-92F5-4781-A0CF-A3A153A6BB39}.Release|Any CPU.Build.0 = Release|Any CPU
		{2E32E1F9-92F5-4781-A0CF-A3A153A6BB39}.Release|x64.ActiveCfg = Release|Any CPU
		{2E32E1F9-92F5-4781-A0CF-A3A153A6BB39}.Release|x64.Build.0 = Release|Any CPU
		{2E32E1F9-92F5-4781-A0CF-A3A153A6BB39}.Release|x86.ActiveCfg = Release|Any CPU
		{2E32E1F9-92F5-4781-A0CF-A3A153A6BB39}.Release|x86.Build.0 = Release|Any CPU
	EndGlobalSection
	GlobalSection(SolutionProperties) = preSolution
		HideSolutionNode = FALSE
	EndGlobalSection
	GlobalSection(NestedProjects) = preSolution
		{6CF693B3-154E-43A8-BACD-8CEE0901AFF5} = {CF8D7E1B-40AB-46DA-AEF4-6122F54FDF4C}
		{765A560C-E418-4B39-8160-0AD1CA626563} = {33F938F5-8537-443C-AC0F-BCAF5E06076F}
		{415C9ADB-8FB2-4D5B-BE4D-4B4BAA646ABC} = {33F938F5-8537-443C-AC0F-BCAF5E06076F}
		{627925A5-D33C-4344-84EC-F65335926677} = {CF8D7E1B-40AB-46DA-AEF4-6122F54FDF4C}
		{CDB23193-9ECE-464C-B908-C1C74366A8D0} = {CF8D7E1B-40AB-46DA-AEF4-6122F54FDF4C}
		{CF39A9E8-4A61-4609-A75E-C3C72C7830EF} = {CF8D7E1B-40AB-46DA-AEF4-6122F54FDF4C}
		{EEA00584-3538-4111-97C9-1165762F4ECB} = {CF8D7E1B-40AB-46DA-AEF4-6122F54FDF4C}
		{F476497D-6568-4E4E-A49F-666D8E830578} = {CF8D7E1B-40AB-46DA-AEF4-6122F54FDF4C}
		{0FFCB0E0-287D-46CA-AD7B-8197E9B8E503} = {CF8D7E1B-40AB-46DA-AEF4-6122F54FDF4C}
		{83E08917-4973-4C0D-8438-523886145812} = {CF8D7E1B-40AB-46DA-AEF4-6122F54FDF4C}
		{33D3F4B2-51A3-4D7A-A0D5-EA7FD59F3C70} = {CF8D7E1B-40AB-46DA-AEF4-6122F54FDF4C}
		{C1B8FFCE-A91E-4D49-84C0-1A3A7AE41738} = {CF8D7E1B-40AB-46DA-AEF4-6122F54FDF4C}
		{E2394EDB-2013-462E-B7F7-491B06AB04A0} = {CF8D7E1B-40AB-46DA-AEF4-6122F54FDF4C}
		{99F0EF49-D055-4C14-9062-59DE719F8B99} = {CF8D7E1B-40AB-46DA-AEF4-6122F54FDF4C}
		{62BC7C7B-1AC4-42F8-9900-9213444DB42F} = {CF8D7E1B-40AB-46DA-AEF4-6122F54FDF4C}
		{54F60849-654A-4708-86F0-36334AF31C3E} = {CF8D7E1B-40AB-46DA-AEF4-6122F54FDF4C}
		{E87C7A91-EC96-45B8-A7D5-B19E8FCF5B84} = {CF8D7E1B-40AB-46DA-AEF4-6122F54FDF4C}
		{71C432C3-FCC0-4095-94C5-5F929FBDB096} = {CF8D7E1B-40AB-46DA-AEF4-6122F54FDF4C}
		{DA014E64-13A4-4B59-8807-7EABAD283D63} = {CF8D7E1B-40AB-46DA-AEF4-6122F54FDF4C}
		{77780103-9D2C-4985-8CEC-802BD08E4682} = {CF8D7E1B-40AB-46DA-AEF4-6122F54FDF4C}
	EndGlobalSection
	GlobalSection(ExtensibilityGlobals) = postSolution
		SolutionGuid = {A72CE929-21C7-44E7-BEE1-C6ADA22151C6}
	EndGlobalSection
EndGlobal
